
Microsoft Visual Studio Solution File, Format Version 12.00
# Visual Studio 15
VisualStudioVersion = 15.0.27130.2020
MinimumVisualStudioVersion = 10.0.40219.1
Project("{8BC9CEB8-8B4A-11D0-8D11-00A0C91BC942}") = "Prog01", "ProgLab1\ProgLab1.vcxproj", "{8A2CE7D4-8504-46CA-ABD9-EBB71597985B}"
EndProject
Project("{8BC9CEB8-8B4A-11D0-8D11-00A0C91BC942}") = "Prog02", "Prog02\Prog02.vcxproj", "{414278C8-C501-4F97-A7F4-9AC9A0CFD88B}"
EndProject
Project("{8BC9CEB8-8B4A-11D0-8D11-00A0C91BC942}") = "Prog03", "Prog03\Prog03.vcxproj", "{90546416-CCEF-4DE8-A446-18842355EA52}"
EndProject
Project("{8BC9CEB8-8B4A-11D0-8D11-00A0C91BC942}") = "Prog04", "Prog04\Prog04.vcxproj", "{0099B74F-9C29-4175-BD0D-E01E7A9C6CA6}"
EndProject
Project("{8BC9CEB8-8B4A-11D0-8D11-00A0C91BC942}") = "Prog05", "Lab05\Lab05.vcxproj", "{891D1A9A-842B-4F3F-8ECE-BFBC70AB0E4E}"
EndProject
Project("{8BC9CEB8-8B4A-11D0-8D11-00A0C91BC942}") = "Prog06", "Prog06\Prog06.vcxproj", "{5BB4B5C3-4EA0-4923-98A2-FBD65E82F6C4}"
EndProject
Project("{8BC9CEB8-8B4A-11D0-8D11-00A0C91BC942}") = "Prog07", "Prog07\Prog07.vcxproj", "{4AFC17BE-976D-4979-A8F5-9798C03826FE}"
EndProject
Project("{8BC9CEB8-8B4A-11D0-8D11-00A0C91BC942}") = "Prog08", "Prog08\Prog08.vcxproj", "{321DDDD0-6BFC-45C7-99E3-E48D34A0C9E6}"
EndProject
Project("{8BC9CEB8-8B4A-11D0-8D11-00A0C91BC942}") = "Prog09", "Prog09\Prog09.vcxproj", "{F002FEFB-E26A-4780-BDBF-0A981892CF9F}"
EndProject
Project("{8BC9CEB8-8B4A-11D0-8D11-00A0C91BC942}") = "Prog10", "Prog10\Prog10.vcxproj", "{5DCFADA6-674F-4BAD-8F66-3CCDB49C69EA}"
EndProject
Project("{8BC9CEB8-8B4A-11D0-8D11-00A0C91BC942}") = "Prog11", "Prog11\Prog11.vcxproj", "{5BD4B7D4-5A08-439B-A494-93220D44E27B}"
EndProject
Project("{8BC9CEB8-8B4A-11D0-8D11-00A0C91BC942}") = "Prog12", "Prog12\Prog12.vcxproj", "{CC37553C-60C3-416E-BDD6-411D2C28FC93}"
EndProject
Project("{8BC9CEB8-8B4A-11D0-8D11-00A0C91BC942}") = "Prog13", "Prog13\Prog13.vcxproj", "{5D4133DC-6676-4302-9CF2-F16119D4AEFC}"
EndProject
Project("{8BC9CEB8-8B4A-11D0-8D11-00A0C91BC942}") = "Prog14", "Prog14\Prog14.vcxproj", "{E3AAB091-E098-42D7-962C-38503809C4F4}"
EndProject
Project("{8BC9CEB8-8B4A-11D0-8D11-00A0C91BC942}") = "Prog15", "Prog15\Prog15.vcxproj", "{A7AA8504-714C-4569-8664-F2CD50734AB7}"
EndProject
Project("{8BC9CEB8-8B4A-11D0-8D11-00A0C91BC942}") = "Prog16", "Prog16\Prog16.vcxproj", "{A80A9D90-DABF-4BAF-80FA-BF64CA0F4DBF}"
EndProject
Global
	GlobalSection(SolutionConfigurationPlatforms) = preSolution
		Debug|x64 = Debug|x64
		Debug|x86 = Debug|x86
		Release|x64 = Release|x64
		Release|x86 = Release|x86
	EndGlobalSection
	GlobalSection(ProjectConfigurationPlatforms) = postSolution
		{8A2CE7D4-8504-46CA-ABD9-EBB71597985B}.Debug|x64.ActiveCfg = Debug|x64
		{8A2CE7D4-8504-46CA-ABD9-EBB71597985B}.Debug|x64.Build.0 = Debug|x64
		{8A2CE7D4-8504-46CA-ABD9-EBB71597985B}.Debug|x86.ActiveCfg = Debug|Win32
		{8A2CE7D4-8504-46CA-ABD9-EBB71597985B}.Debug|x86.Build.0 = Debug|Win32
		{8A2CE7D4-8504-46CA-ABD9-EBB71597985B}.Release|x64.ActiveCfg = Release|x64
		{8A2CE7D4-8504-46CA-ABD9-EBB71597985B}.Release|x64.Build.0 = Release|x64
		{8A2CE7D4-8504-46CA-ABD9-EBB71597985B}.Release|x86.ActiveCfg = Release|Win32
		{8A2CE7D4-8504-46CA-ABD9-EBB71597985B}.Release|x86.Build.0 = Release|Win32
		{414278C8-C501-4F97-A7F4-9AC9A0CFD88B}.Debug|x64.ActiveCfg = Debug|x64
		{414278C8-C501-4F97-A7F4-9AC9A0CFD88B}.Debug|x64.Build.0 = Debug|x64
		{414278C8-C501-4F97-A7F4-9AC9A0CFD88B}.Debug|x86.ActiveCfg = Debug|Win32
		{414278C8-C501-4F97-A7F4-9AC9A0CFD88B}.Debug|x86.Build.0 = Debug|Win32
		{414278C8-C501-4F97-A7F4-9AC9A0CFD88B}.Release|x64.ActiveCfg = Release|x64
		{414278C8-C501-4F97-A7F4-9AC9A0CFD88B}.Release|x64.Build.0 = Release|x64
		{414278C8-C501-4F97-A7F4-9AC9A0CFD88B}.Release|x86.ActiveCfg = Release|Win32
		{414278C8-C501-4F97-A7F4-9AC9A0CFD88B}.Release|x86.Build.0 = Release|Win32
		{90546416-CCEF-4DE8-A446-18842355EA52}.Debug|x64.ActiveCfg = Debug|x64
		{90546416-CCEF-4DE8-A446-18842355EA52}.Debug|x64.Build.0 = Debug|x64
		{90546416-CCEF-4DE8-A446-18842355EA52}.Debug|x86.ActiveCfg = Debug|Win32
		{90546416-CCEF-4DE8-A446-18842355EA52}.Debug|x86.Build.0 = Debug|Win32
		{90546416-CCEF-4DE8-A446-18842355EA52}.Release|x64.ActiveCfg = Release|x64
		{90546416-CCEF-4DE8-A446-18842355EA52}.Release|x64.Build.0 = Release|x64
		{90546416-CCEF-4DE8-A446-18842355EA52}.Release|x86.ActiveCfg = Release|Win32
		{90546416-CCEF-4DE8-A446-18842355EA52}.Release|x86.Build.0 = Release|Win32
		{0099B74F-9C29-4175-BD0D-E01E7A9C6CA6}.Debug|x64.ActiveCfg = Debug|x64
		{0099B74F-9C29-4175-BD0D-E01E7A9C6CA6}.Debug|x64.Build.0 = Debug|x64
		{0099B74F-9C29-4175-BD0D-E01E7A9C6CA6}.Debug|x86.ActiveCfg = Debug|Win32
		{0099B74F-9C29-4175-BD0D-E01E7A9C6CA6}.Debug|x86.Build.0 = Debug|Win32
		{0099B74F-9C29-4175-BD0D-E01E7A9C6CA6}.Release|x64.ActiveCfg = Release|x64
		{0099B74F-9C29-4175-BD0D-E01E7A9C6CA6}.Release|x64.Build.0 = Release|x64
		{0099B74F-9C29-4175-BD0D-E01E7A9C6CA6}.Release|x86.ActiveCfg = Release|Win32
		{0099B74F-9C29-4175-BD0D-E01E7A9C6CA6}.Release|x86.Build.0 = Release|Win32
		{891D1A9A-842B-4F3F-8ECE-BFBC70AB0E4E}.Debug|x64.ActiveCfg = Debug|x64
		{891D1A9A-842B-4F3F-8ECE-BFBC70AB0E4E}.Debug|x64.Build.0 = Debug|x64
		{891D1A9A-842B-4F3F-8ECE-BFBC70AB0E4E}.Debug|x86.ActiveCfg = Debug|Win32
		{891D1A9A-842B-4F3F-8ECE-BFBC70AB0E4E}.Debug|x86.Build.0 = Debug|Win32
		{891D1A9A-842B-4F3F-8ECE-BFBC70AB0E4E}.Release|x64.ActiveCfg = Release|x64
		{891D1A9A-842B-4F3F-8ECE-BFBC70AB0E4E}.Release|x64.Build.0 = Release|x64
		{891D1A9A-842B-4F3F-8ECE-BFBC70AB0E4E}.Release|x86.ActiveCfg = Release|Win32
		{891D1A9A-842B-4F3F-8ECE-BFBC70AB0E4E}.Release|x86.Build.0 = Release|Win32
		{5BB4B5C3-4EA0-4923-98A2-FBD65E82F6C4}.Debug|x64.ActiveCfg = Debug|x64
		{5BB4B5C3-4EA0-4923-98A2-FBD65E82F6C4}.Debug|x64.Build.0 = Debug|x64
		{5BB4B5C3-4EA0-4923-98A2-FBD65E82F6C4}.Debug|x86.ActiveCfg = Debug|Win32
		{5BB4B5C3-4EA0-4923-98A2-FBD65E82F6C4}.Debug|x86.Build.0 = Debug|Win32
		{5BB4B5C3-4EA0-4923-98A2-FBD65E82F6C4}.Release|x64.ActiveCfg = Release|x64
		{5BB4B5C3-4EA0-4923-98A2-FBD65E82F6C4}.Release|x64.Build.0 = Release|x64
		{5BB4B5C3-4EA0-4923-98A2-FBD65E82F6C4}.Release|x86.ActiveCfg = Release|Win32
		{5BB4B5C3-4EA0-4923-98A2-FBD65E82F6C4}.Release|x86.Build.0 = Release|Win32
		{4AFC17BE-976D-4979-A8F5-9798C03826FE}.Debug|x64.ActiveCfg = Debug|x64
		{4AFC17BE-976D-4979-A8F5-9798C03826FE}.Debug|x64.Build.0 = Debug|x64
		{4AFC17BE-976D-4979-A8F5-9798C03826FE}.Debug|x86.ActiveCfg = Debug|Win32
		{4AFC17BE-976D-4979-A8F5-9798C03826FE}.Debug|x86.Build.0 = Debug|Win32
		{4AFC17BE-976D-4979-A8F5-9798C03826FE}.Release|x64.ActiveCfg = Release|x64
		{4AFC17BE-976D-4979-A8F5-9798C03826FE}.Release|x64.Build.0 = Release|x64
		{4AFC17BE-976D-4979-A8F5-9798C03826FE}.Release|x86.ActiveCfg = Release|Win32
		{4AFC17BE-976D-4979-A8F5-9798C03826FE}.Release|x86.Build.0 = Release|Win32
		{321DDDD0-6BFC-45C7-99E3-E48D34A0C9E6}.Debug|x64.ActiveCfg = Debug|x64
		{321DDDD0-6BFC-45C7-99E3-E48D34A0C9E6}.Debug|x64.Build.0 = Debug|x64
		{321DDDD0-6BFC-45C7-99E3-E48D34A0C9E6}.Debug|x86.ActiveCfg = Debug|Win32
		{321DDDD0-6BFC-45C7-99E3-E48D34A0C9E6}.Debug|x86.Build.0 = Debug|Win32
		{321DDDD0-6BFC-45C7-99E3-E48D34A0C9E6}.Release|x64.ActiveCfg = Release|x64
		{321DDDD0-6BFC-45C7-99E3-E48D34A0C9E6}.Release|x64.Build.0 = Release|x64
		{321DDDD0-6BFC-45C7-99E3-E48D34A0C9E6}.Release|x86.ActiveCfg = Release|Win32
		{321DDDD0-6BFC-45C7-99E3-E48D34A0C9E6}.Release|x86.Build.0 = Release|Win32
		{F002FEFB-E26A-4780-BDBF-0A981892CF9F}.Debug|x64.ActiveCfg = Debug|x64
		{F002FEFB-E26A-4780-BDBF-0A981892CF9F}.Debug|x64.Build.0 = Debug|x64
		{F002FEFB-E26A-4780-BDBF-0A981892CF9F}.Debug|x86.ActiveCfg = Debug|Win32
		{F002FEFB-E26A-4780-BDBF-0A981892CF9F}.Debug|x86.Build.0 = Debug|Win32
		{F002FEFB-E26A-4780-BDBF-0A981892CF9F}.Release|x64.ActiveCfg = Release|x64
		{F002FEFB-E26A-4780-BDBF-0A981892CF9F}.Release|x64.Build.0 = Release|x64
		{F002FEFB-E26A-4780-BDBF-0A981892CF9F}.Release|x86.ActiveCfg = Release|Win32
		{F002FEFB-E26A-4780-BDBF-0A981892CF9F}.Release|x86.Build.0 = Release|Win32
		{5DCFADA6-674F-4BAD-8F66-3CCDB49C69EA}.Debug|x64.ActiveCfg = Debug|x64
		{5DCFADA6-674F-4BAD-8F66-3CCDB49C69EA}.Debug|x64.Build.0 = Debug|x64
		{5DCFADA6-674F-4BAD-8F66-3CCDB49C69EA}.Debug|x86.ActiveCfg = Debug|Win32
		{5DCFADA6-674F-4BAD-8F66-3CCDB49C69EA}.Debug|x86.Build.0 = Debug|Win32
		{5DCFADA6-674F-4BAD-8F66-3CCDB49C69EA}.Release|x64.ActiveCfg = Release|x64
		{5DCFADA6-674F-4BAD-8F66-3CCDB49C69EA}.Release|x64.Build.0 = Release|x64
		{5DCFADA6-674F-4BAD-8F66-3CCDB49C69EA}.Release|x86.ActiveCfg = Release|Win32
		{5DCFADA6-674F-4BAD-8F66-3CCDB49C69EA}.Release|x86.Build.0 = Release|Win32
		{5BD4B7D4-5A08-439B-A494-93220D44E27B}.Debug|x64.ActiveCfg = Debug|x64
		{5BD4B7D4-5A08-439B-A494-93220D44E27B}.Debug|x64.Build.0 = Debug|x64
		{5BD4B7D4-5A08-439B-A494-93220D44E27B}.Debug|x86.ActiveCfg = Debug|Win32
		{5BD4B7D4-5A08-439B-A494-93220D44E27B}.Debug|x86.Build.0 = Debug|Win32
		{5BD4B7D4-5A08-439B-A494-93220D44E27B}.Release|x64.ActiveCfg = Release|x64
		{5BD4B7D4-5A08-439B-A494-93220D44E27B}.Release|x64.Build.0 = Release|x64
		{5BD4B7D4-5A08-439B-A494-93220D44E27B}.Release|x86.ActiveCfg = Release|Win32
		{5BD4B7D4-5A08-439B-A494-93220D44E27B}.Release|x86.Build.0 = Release|Win32
		{CC37553C-60C3-416E-BDD6-411D2C28FC93}.Debug|x64.ActiveCfg = Debug|x64
		{CC37553C-60C3-416E-BDD6-411D2C28FC93}.Debug|x64.Build.0 = Debug|x64
		{CC37553C-60C3-416E-BDD6-411D2C28FC93}.Debug|x86.ActiveCfg = Debug|Win32
		{CC37553C-60C3-416E-BDD6-411D2C28FC93}.Debug|x86.Build.0 = Debug|Win32
		{CC37553C-60C3-416E-BDD6-411D2C28FC93}.Release|x64.ActiveCfg = Release|x64
		{CC37553C-60C3-416E-BDD6-411D2C28FC93}.Release|x64.Build.0 = Release|x64
		{CC37553C-60C3-416E-BDD6-411D2C28FC93}.Release|x86.ActiveCfg = Release|Win32
		{CC37553C-60C3-416E-BDD6-411D2C28FC93}.Release|x86.Build.0 = Release|Win32
		{5D4133DC-6676-4302-9CF2-F16119D4AEFC}.Debug|x64.ActiveCfg = Debug|x64
		{5D4133DC-6676-4302-9CF2-F16119D4AEFC}.Debug|x64.Build.0 = Debug|x64
		{5D4133DC-6676-4302-9CF2-F16119D4AEFC}.Debug|x86.ActiveCfg = Debug|Win32
		{5D4133DC-6676-4302-9CF2-F16119D4AEFC}.Debug|x86.Build.0 = Debug|Win32
		{5D4133DC-6676-4302-9CF2-F16119D4AEFC}.Release|x64.ActiveCfg = Release|x64
		{5D4133DC-6676-4302-9CF2-F16119D4AEFC}.Release|x64.Build.0 = Release|x64
		{5D4133DC-6676-4302-9CF2-F16119D4AEFC}.Release|x86.ActiveCfg = Release|Win32
		{5D4133DC-6676-4302-9CF2-F16119D4AEFC}.Release|x86.Build.0 = Release|Win32
		{E3AAB091-E098-42D7-962C-38503809C4F4}.Debug|x64.ActiveCfg = Debug|x64
		{E3AAB091-E098-42D7-962C-38503809C4F4}.Debug|x64.Build.0 = Debug|x64
		{E3AAB091-E098-42D7-962C-38503809C4F4}.Debug|x86.ActiveCfg = Debug|Win32
		{E3AAB091-E098-42D7-962C-38503809C4F4}.Debug|x86.Build.0 = Debug|Win32
		{E3AAB091-E098-42D7-962C-38503809C4F4}.Release|x64.ActiveCfg = Release|x64
		{E3AAB091-E098-42D7-962C-38503809C4F4}.Release|x64.Build.0 = Release|x64
		{E3AAB091-E098-42D7-962C-38503809C4F4}.Release|x86.ActiveCfg = Release|Win32
		{E3AAB091-E098-42D7-962C-38503809C4F4}.Release|x86.Build.0 = Release|Win32
		{A7AA8504-714C-4569-8664-F2CD50734AB7}.Debug|x64.ActiveCfg = Debug|x64
		{A7AA8504-714C-4569-8664-F2CD50734AB7}.Debug|x64.Build.0 = Debug|x64
		{A7AA8504-714C-4569-8664-F2CD50734AB7}.Debug|x86.ActiveCfg = Debug|Win32
		{A7AA8504-714C-4569-8664-F2CD50734AB7}.Debug|x86.Build.0 = Debug|Win32
		{A7AA8504-714C-4569-8664-F2CD50734AB7}.Release|x64.ActiveCfg = Release|x64
		{A7AA8504-714C-4569-8664-F2CD50734AB7}.Release|x64.Build.0 = Release|x64
		{A7AA8504-714C-4569-8664-F2CD50734AB7}.Release|x86.ActiveCfg = Release|Win32
		{A7AA8504-714C-4569-8664-F2CD50734AB7}.Release|x86.Build.0 = Release|Win32
		{A80A9D90-DABF-4BAF-80FA-BF64CA0F4DBF}.Debug|x64.ActiveCfg = Debug|x64
		{A80A9D90-DABF-4BAF-80FA-BF64CA0F4DBF}.Debug|x64.Build.0 = Debug|x64
		{A80A9D90-DABF-4BAF-80FA-BF64CA0F4DBF}.Debug|x86.ActiveCfg = Debug|Win32
		{A80A9D90-DABF-4BAF-80FA-BF64CA0F4DBF}.Debug|x86.Build.0 = Debug|Win32
		{A80A9D90-DABF-4BAF-80FA-BF64CA0F4DBF}.Release|x64.ActiveCfg = Release|x64
		{A80A9D90-DABF-4BAF-80FA-BF64CA0F4DBF}.Release|x64.Build.0 = Release|x64
		{A80A9D90-DABF-4BAF-80FA-BF64CA0F4DBF}.Release|x86.ActiveCfg = Release|Win32
		{A80A9D90-DABF-4BAF-80FA-BF64CA0F4DBF}.Release|x86.Build.0 = Release|Win32
	EndGlobalSection
	GlobalSection(SolutionProperties) = preSolution
		HideSolutionNode = FALSE
	EndGlobalSection
	GlobalSection(ExtensibilityGlobals) = postSolution
		SolutionGuid = {EF2968B1-CFD7-4C41-B1E8-F9365C2D8C5C}
	EndGlobalSection
EndGlobal
